Microsoft Visual Studio Solution File, Format Version 12.00
# Visual Studio Version 17
VisualStudioVersion = 17.5.2.0
MinimumVisualStudioVersion = 10.0.40219.1
Project("{FAE04EC0-301F-11D3-BF4B-00C04F79EFBC}") = "BinTree_Aisd", "BinTree_Aisd.csproj", "{047CC02F-1CD2-842A-F28E-0B4C7C9B3DC1}"
EndProject
Global
	GlobalSection(SolutionConfigurationPlatforms) = preSolution
		Debug|Any CPU = Debug|Any CPU
		Release|Any CPU = Release|Any CPU
	EndGlobalSection
	GlobalSection(ProjectConfigurationPlatforms) = postSolution
		{047CC02F-1CD2-842A-F28E-0B4C7C9B3DC1}.Debug|Any CPU.ActiveCfg = Debug|Any CPU
		{047CC02F-1CD2-842A-F28E-0B4C7C9B3DC1}.Debug|Any CPU.Build.0 = Debug|Any CPU
		{047CC02F-1CD2-842A-F28E-0B4C7C9B3DC1}.Release|Any CPU.ActiveCfg = Release|Any CPU
		{047CC02F-1CD2-842A-F28E-0B4C7C9B3DC1}.Release|Any CPU.Build.0 = Release|Any CPU
	EndGlobalSection
	GlobalSection(SolutionProperties) = preSolution
		HideSolutionNode = FALSE
	EndGlobalSection
	GlobalSection(ExtensibilityGlobals) = postSolution
		SolutionGuid = {7B79D999-4232-4280-A12A-50D10B7B9D38}
	EndGlobalSection
EndGlobal
